
Microsoft Visual Studio Solution File, Format Version 12.00
# Visual Studio Version 17
VisualStudioVersion = 17.4.33213.308
MinimumVisualStudioVersion = 10.0.40219.1
Project("{FAE04EC0-301F-11D3-BF4B-00C04F79EFBC}") = "roshambo", "roshambo\roshambo.csproj", "{96B9A2E5-A203-4A49-A50F-5CF267320829}"
EndProject
Global
	GlobalSection(SolutionConfigurationPlatforms) = preSolution
		Debug|Any CPU = Debug|Any CPU
		Release|Any CPU = Release|Any CPU
	EndGlobalSection
	GlobalSection(ProjectConfigurationPlatforms) = postSolution
		{96B9A2E5-A203-4A49-A50F-5CF267320829}.Debug|Any CPU.ActiveCfg = Debug|Any CPU
		{96B9A2E5-A203-4A49-A50F-5CF267320829}.Debug|Any CPU.Build.0 = Debug|Any CPU
		{96B9A2E5-A203-4A49-A50F-5CF267320829}.Release|Any CPU.ActiveCfg = Release|Any CPU
		{96B9A2E5-A203-4A49-A50F-5CF267320829}.Release|Any CPU.Build.0 = Release|Any CPU
	EndGlobalSection
	GlobalSection(SolutionProperties) = preSolution
		HideSolutionNode = FALSE
	EndGlobalSection
	GlobalSection(ExtensibilityGlobals) = postSolution
		SolutionGuid = {18EE9B60-507A-4768-B86A-B26B3B05DCB0}
	EndGlobalSection
EndGlobal
